{
  "lockfile_version": "1",
  "packages": {
    "flyctl@latest": {
      "last_modified": "2025-01-06T03:40:18Z",
      "resolved": "github:NixOS/nixpkgs/3df3c47c19dc90fec35359e89ffb52b34d2b0e94#flyctl",
      "source": "devbox-search",
      "version": "0.3.56",
      "systems": {
        "aarch64-darwin": {
          "outputs": [
            {
              "name": "out",
              "path": "/nix/store/50dqnp0j2hgdryjvvq2vkrjpixc3dar1-flyctl-0.3.56",
              "default": true
            }
          ],
          "store_path": "/nix/store/50dqnp0j2hgdryjvvq2vkrjpixc3dar1-flyctl-0.3.56"
        },
        "aarch64-linux": {
          "outputs": [
            {
              "name": "out",
              "path": "/nix/store/bvpnb76979i0c9zr6rmhpbwy4vrk6304-flyctl-0.3.56",
              "default": true
            }
          ],
          "store_path": "/nix/store/bvpnb76979i0c9zr6rmhpbwy4vrk6304-flyctl-0.3.56"
        },
        "x86_64-darwin": {
          "outputs": [
            {
              "name": "out",
              "path": "/nix/store/gm264d0hdq49hb6jj11nhnbw09gjz4a8-flyctl-0.3.56",
              "default": true
            }
          ],
          "store_path": "/nix/store/gm264d0hdq49hb6jj11nhnbw09gjz4a8-flyctl-0.3.56"
        },
        "x86_64-linux": {
          "outputs": [
            {
              "name": "out",
              "path": "/nix/store/8vs76hmp3d262dg83p712h71jwcxzwh6-flyctl-0.3.56",
              "default": true
            }
          ],
          "store_path": "/nix/store/8vs76hmp3d262dg83p712h71jwcxzwh6-flyctl-0.3.56"
        }
      }
    },
    "github:NixOS/nixpkgs/nixpkgs-unstable": {
      "resolved": "github:NixOS/nixpkgs/ebe4301cbd8f81c4f8d3244b3632338bbeb6d49c?lastModified=1744868846&narHash=sha256-5RJTdUHDmj12Qsv7XOhuospjAjATNiTMElplWnJE9Hs%3D"
    },
    "just@latest": {
      "last_modified": "2024-12-23T21:10:33Z",
      "resolved": "github:NixOS/nixpkgs/de1864217bfa9b5845f465e771e0ecb48b30e02d#just",
      "source": "devbox-search",
      "version": "1.38.0",
      "systems": {
        "aarch64-darwin": {
          "outputs": [
            {
              "name": "out",
              "path": "/nix/store/vsh8l0h4w2s2chhxnq3crggnqgajv8fr-just-1.38.0",
              "default": true
            },
            {
              "name": "man",
              "path": "/nix/store/4v2f2ilb558wldh4wl5iplhbqbwcs8x7-just-1.38.0-man",
              "default": true
            },
            {
              "name": "doc",
              "path": "/nix/store/ys7i8a3y8x0wpvpgjm1cg32vcmkvghaq-just-1.38.0-doc"
            }
          ],
          "store_path": "/nix/store/vsh8l0h4w2s2chhxnq3crggnqgajv8fr-just-1.38.0"
        },
        "aarch64-linux": {
          "outputs": [
            {
              "name": "out",
              "path": "/nix/store/v9c5rvb1f5351vnfqw1dwrqnyr0zmwkl-just-1.38.0",
              "default": true
            },
            {
              "name": "man",
              "path": "/nix/store/b402yzxcpdldqafh9lh1vz10pifyyrm1-just-1.38.0-man",
              "default": true
            },
            {
              "name": "doc",
              "path": "/nix/store/wdvhp7n1ll2r94bp1wq0nw9d7jsy9h5r-just-1.38.0-doc"
            }
          ],
          "store_path": "/nix/store/v9c5rvb1f5351vnfqw1dwrqnyr0zmwkl-just-1.38.0"
        },
        "x86_64-darwin": {
          "outputs": [
            {
              "name": "out",
              "path": "/nix/store/nrwx6y35zjj83shb7vj6nxl5a7ll7jfq-just-1.38.0",
              "default": true
            },
            {
              "name": "man",
              "path": "/nix/store/g72x3fkmf25sa8gc3sh17wm2s14vk1zi-just-1.38.0-man",
              "default": true
            },
            {
              "name": "doc",
              "path": "/nix/store/1z00n6g7id3z5x4wgmxnpp0www1r9ah6-just-1.38.0-doc"
            }
          ],
          "store_path": "/nix/store/nrwx6y35zjj83shb7vj6nxl5a7ll7jfq-just-1.38.0"
        },
        "x86_64-linux": {
          "outputs": [
            {
              "name": "out",
              "path": "/nix/store/8gfn54vq7r96i0jpdgbz4084b4n5if61-just-1.38.0",
              "default": true
            },
            {
              "name": "man",
              "path": "/nix/store/kh82ps1zp22cv36l4w1r7pzv1rbzpmjz-just-1.38.0-man",
              "default": true
            },
            {
              "name": "doc",
              "path": "/nix/store/lxn266hlm8ngl6r0bkz9bdc2g5iskqby-just-1.38.0-doc"
            }
          ],
          "store_path": "/nix/store/8gfn54vq7r96i0jpdgbz4084b4n5if61-just-1.38.0"
        }
      }
    },
    "nodejs@20": {
      "last_modified": "2024-12-23T21:10:33Z",
      "plugin_version": "0.0.2",
      "resolved": "github:NixOS/nixpkgs/de1864217bfa9b5845f465e771e0ecb48b30e02d#nodejs_20",
      "source": "devbox-search",
      "version": "20.18.1",
      "systems": {
        "aarch64-darwin": {
          "outputs": [
            {
              "name": "out",
              "path": "/nix/store/q49zbi0pzjhg4zn085h9hyz9m1k3hvpb-nodejs-20.18.1",
              "default": true
            },
            {
              "name": "libv8",
              "path": "/nix/store/l08rljd2yr7i1q4x778qazcys2l4ja23-nodejs-20.18.1-libv8"
            }
          ],
          "store_path": "/nix/store/q49zbi0pzjhg4zn085h9hyz9m1k3hvpb-nodejs-20.18.1"
        },
        "aarch64-linux": {
          "outputs": [
            {
              "name": "out",
              "path": "/nix/store/4m1ql1hsd6kqmzr8a657qhipjgssrr0c-nodejs-20.18.1",
              "default": true
            },
            {
              "name": "libv8",
              "path": "/nix/store/r8s1xalb4rpy1r44i413j84i4ny6mnsc-nodejs-20.18.1-libv8"
            }
          ],
          "store_path": "/nix/store/4m1ql1hsd6kqmzr8a657qhipjgssrr0c-nodejs-20.18.1"
        },
        "x86_64-darwin": {
          "outputs": [
            {
              "name": "out",
              "path": "/nix/store/7ky0mn6k33731jwzhsxq6a6dsbjqamqs-nodejs-20.18.1",
              "default": true
            },
            {
              "name": "libv8",
              "path": "/nix/store/jw62k3wxl38r8fcbvxaxrm696ivv3imr-nodejs-20.18.1-libv8"
            }
          ],
          "store_path": "/nix/store/7ky0mn6k33731jwzhsxq6a6dsbjqamqs-nodejs-20.18.1"
        },
        "x86_64-linux": {
          "outputs": [
            {
              "name": "out",
              "path": "/nix/store/j7dx1n6m5axf9r2bvly580x2ixx546wq-nodejs-20.18.1",
              "default": true
            },
            {
              "name": "libv8",
              "path": "/nix/store/qljmc2skrldj0g94rib6nl4jq84193fa-nodejs-20.18.1-libv8"
            }
          ],
          "store_path": "/nix/store/j7dx1n6m5axf9r2bvly580x2ixx546wq-nodejs-20.18.1"
        }
      }
    },
    "sqlite@latest": {
      "last_modified": "2025-02-01T15:12:02Z",
      "resolved": "github:NixOS/nixpkgs/102a39bfee444533e6b4e8611d7e92aa39b7bec1#sqlite",
      "source": "devbox-search",
      "version": "3.47.2",
      "systems": {
        "aarch64-darwin": {
          "outputs": [
            {
              "name": "bin",
              "path": "/nix/store/ny6lsnsz01w8dkqsrzychdc9ksrsa4wr-sqlite-3.47.2-bin",
              "default": true
            },
            {
              "name": "man",
              "path": "/nix/store/9h7ij2v7ci113p8r4pqcfdf492m1vidr-sqlite-3.47.2-man",
              "default": true
            },
            {
              "name": "dev",
              "path": "/nix/store/bsmg36cvdxlxi6gf7cnp8fx33m1hhs3a-sqlite-3.47.2-dev"
            },
            {
              "name": "doc",
              "path": "/nix/store/xfpi21rfrn401xnac8d3m6ndiqyrjwf5-sqlite-3.47.2-doc"
            },
            {
              "name": "out",
              "path": "/nix/store/hisigq8ddvszawxxym1qdz0wzwd12iwy-sqlite-3.47.2"
            }
          ],
          "store_path": "/nix/store/ny6lsnsz01w8dkqsrzychdc9ksrsa4wr-sqlite-3.47.2-bin"
        },
        "aarch64-linux": {
          "outputs": [
            {
              "name": "bin",
              "path": "/nix/store/qd1kvnnz6jpdsj4y2brwwn7bh473xfh7-sqlite-3.47.2-bin",
              "default": true
            },
            {
              "name": "man",
              "path": "/nix/store/wwqcgkivbw9dx4l6fm9ymnr2b1ysyksl-sqlite-3.47.2-man",
              "default": true
            },
            {
              "name": "doc",
              "path": "/nix/store/paxy33pw7yvkqz1cmn7k4f5ma87gjzsb-sqlite-3.47.2-doc"
            },
            {
              "name": "out",
              "path": "/nix/store/kwmvm2kx3xldd526pif3vs6k87dab3d1-sqlite-3.47.2"
            },
            {
              "name": "debug",
              "path": "/nix/store/gxfwcmqnx17nfbxx8ja26yz91kc1rj9l-sqlite-3.47.2-debug"
            },
            {
              "name": "dev",
              "path": "/nix/store/j5fy316rv27nnp824rr91iprq8y0jz0p-sqlite-3.47.2-dev"
            }
          ],
          "store_path": "/nix/store/qd1kvnnz6jpdsj4y2brwwn7bh473xfh7-sqlite-3.47.2-bin"
        },
        "x86_64-darwin": {
          "outputs": [
            {
              "name": "bin",
              "path": "/nix/store/ai6g8nyd815rh7mfaaq2rmsa1k28ymia-sqlite-3.47.2-bin",
              "default": true
            },
            {
              "name": "man",
              "path": "/nix/store/9bf36nr7q5i4371qy7bcq8xyn4q9q05a-sqlite-3.47.2-man",
              "default": true
            },
            {
              "name": "doc",
              "path": "/nix/store/r3kpdldz9iwz344jwzrnay4yvw4grrp2-sqlite-3.47.2-doc"
            },
            {
              "name": "out",
              "path": "/nix/store/fkgsi404n3bjck24v8y6x0dfasjh6qdi-sqlite-3.47.2"
            },
            {
              "name": "dev",
              "path": "/nix/store/yd26kk2p5598xbnc593zrns10yhxlxwp-sqlite-3.47.2-dev"
            }
          ],
          "store_path": "/nix/store/ai6g8nyd815rh7mfaaq2rmsa1k28ymia-sqlite-3.47.2-bin"
        },
        "x86_64-linux": {
          "outputs": [
            {
              "name": "bin",
              "path": "/nix/store/b0y9x06z23n9v5yghgh152pv3xhwmm9d-sqlite-3.47.2-bin",
              "default": true
            },
            {
              "name": "man",
              "path": "/nix/store/mn2j69qv4skv2354796xpfd08hq57ard-sqlite-3.47.2-man",
              "default": true
            },
            {
              "name": "debug",
              "path": "/nix/store/zay5cab7ghl94w410r5c4d0i5phf1ffr-sqlite-3.47.2-debug"
            },
            {
              "name": "dev",
              "path": "/nix/store/dlvmhnany8yqpifr8md2wgsg9n6ckrar-sqlite-3.47.2-dev"
            },
            {
              "name": "doc",
              "path": "/nix/store/64p7hji9aafsjar3z5vz0axf2faqplyp-sqlite-3.47.2-doc"
            },
            {
              "name": "out",
              "path": "/nix/store/rpx78bijr2wv26f1yhj1h50nwm61cl87-sqlite-3.47.2"
            }
          ],
          "store_path": "/nix/store/b0y9x06z23n9v5yghgh152pv3xhwmm9d-sqlite-3.47.2-bin"
        }
      }
    }
  }
}
