{
  "name": "components",
  "lockfileVersion": 3,
  "requires": true,
  "packages": {
    "": {
      "dependencies": {
        "gren-lang": "^0.3.0"
      }
    },
    "node_modules/follow-redirects": {
      "version": "1.15.3",
      "resolved": "https://registry.npmjs.org/follow-redirects/-/follow-redirects-1.15.3.tgz",
      "integrity": "sha512-1VzOtuEM8pC9SFU1E+8KfTjZyMztRsgEfwQl44z8A25uy13jSzTj6dyK2Df52iV0vgHCfBwLhDWevLn95w5v6Q==",
      "funding": [
        {
          "type": "individual",
          "url": "https://github.com/sponsors/RubenVerborgh"
        }
      ],
      "engines": {
        "node": ">=4.0"
      },
      "peerDependenciesMeta": {
        "debug": {
          "optional": true
        }
      }
    },
    "node_modules/gren-compiler-library": {
      "version": "0.3.0",
      "resolved": "https://registry.npmjs.org/gren-compiler-library/-/gren-compiler-library-0.3.0.tgz",
      "integrity": "sha512-CvcdoHYJuqwc4BUKvQPPhtegTUmW5I6rhQlKxxmu+qRbDYFeB/cypM3Xha3aqJr9l14JdmL5fMichENRqg3CBg==",
      "dependencies": {
        "follow-redirects": "^1.15.2",
        "xdg-basedir": "^5.1.0"
      }
    },
    "node_modules/gren-lang": {
      "version": "0.3.0",
      "resolved": "https://registry.npmjs.org/gren-lang/-/gren-lang-0.3.0.tgz",
      "integrity": "sha512-Gl/0jckyK97BH/lUPj68vP4m05d1QTrLlhZ2ELQgKfDJu8PVKeG+LtRRkdpIzcncCfgR/htWdwt2UkwpPXzalA==",
      "dependencies": {
        "gren-compiler-library": "0.3.0"
      },
      "bin": {
        "gren": "index.js"
      }
    },
    "node_modules/xdg-basedir": {
      "version": "5.1.0",
      "resolved": "https://registry.npmjs.org/xdg-basedir/-/xdg-basedir-5.1.0.tgz",
      "integrity": "sha512-GCPAHLvrIH13+c0SuacwvRYj2SxJXQ4kaVTT5xgL3kPrz56XxkF21IGhjSE1+W0aw7gpBWRGXLCPnPby6lSpmQ==",
      "engines": {
        "node": ">=12"
      },
      "funding": {
        "url": "https://github.com/sponsors/sindresorhus"
      }
    }
  }
}
